
Microsoft Visual Studio Solution File, Format Version 12.00
# Visual Studio Version 16
VisualStudioVersion = 16.0.30907.101
MinimumVisualStudioVersion = 10.0.40219.1
Project("{FAE04EC0-301F-11D3-BF4B-00C04F79EFBC}") = "GameProjct1", "GameProjct1\GameProjct1.csproj", "{4010882D-B983-4D74-B9AD-D400829C465A}"
EndProject
Global
	GlobalSection(SolutionConfigurationPlatforms) = preSolution
		Debug|Any CPU = Debug|Any CPU
		Release|Any CPU = Release|Any CPU
	EndGlobalSection
	GlobalSection(ProjectConfigurationPlatforms) = postSolution
		{4010882D-B983-4D74-B9AD-D400829C465A}.Debug|Any CPU.ActiveCfg = Debug|Any CPU
		{4010882D-B983-4D74-B9AD-D400829C465A}.Debug|Any CPU.Build.0 = Debug|Any CPU
		{4010882D-B983-4D74-B9AD-D400829C465A}.Release|Any CPU.ActiveCfg = Release|Any CPU
		{4010882D-B983-4D74-B9AD-D400829C465A}.Release|Any CPU.Build.0 = Release|Any CPU
	EndGlobalSection
	GlobalSection(SolutionProperties) = preSolution
		HideSolutionNode = FALSE
	EndGlobalSection
	GlobalSection(ExtensibilityGlobals) = postSolution
		SolutionGuid = {209E4E84-8823-46DA-BF94-4BA58F5A9CCE}
	EndGlobalSection
EndGlobal
